
Microsoft Visual Studio Solution File, Format Version 12.00
# Visual Studio 15
VisualStudioVersion = 15.0.26430.16
MinimumVisualStudioVersion = 10.0.40219.1
Project("{FAE04EC0-301F-11D3-BF4B-00C04F79EFBC}") = "Fiap.HelloWorld.UI", "Fiap.HelloWorld.UI\Fiap.HelloWorld.UI.csproj", "{957453C6-184E-4404-AD81-FF940F9AC27B}"
EndProject
Project("{FAE04EC0-301F-11D3-BF4B-00C04F79EFBC}") = "Exercicio1", "Exercicio1\Exercicio1.csproj", "{E97E2ECC-D5AB-4D5B-9982-93B72D5C5AFC}"
EndProject
Global
	GlobalSection(SolutionConfigurationPlatforms) = preSolution
		Debug|Any CPU = Debug|Any CPU
		Release|Any CPU = Release|Any CPU
	EndGlobalSection
	GlobalSection(ProjectConfigurationPlatforms) = postSolution
		{957453C6-184E-4404-AD81-FF940F9AC27B}.Debug|Any CPU.ActiveCfg = Debug|Any CPU
		{957453C6-184E-4404-AD81-FF940F9AC27B}.Debug|Any CPU.Build.0 = Debug|Any CPU
		{957453C6-184E-4404-AD81-FF940F9AC27B}.Release|Any CPU.ActiveCfg = Release|Any CPU
		{957453C6-184E-4404-AD81-FF940F9AC27B}.Release|Any CPU.Build.0 = Release|Any CPU
		{E97E2ECC-D5AB-4D5B-9982-93B72D5C5AFC}.Debug|Any CPU.ActiveCfg = Debug|Any CPU
		{E97E2ECC-D5AB-4D5B-9982-93B72D5C5AFC}.Debug|Any CPU.Build.0 = Debug|Any CPU
		{E97E2ECC-D5AB-4D5B-9982-93B72D5C5AFC}.Release|Any CPU.ActiveCfg = Release|Any CPU
		{E97E2ECC-D5AB-4D5B-9982-93B72D5C5AFC}.Release|Any CPU.Build.0 = Release|Any CPU
	EndGlobalSection
	GlobalSection(SolutionProperties) = preSolution
		HideSolutionNode = FALSE
	EndGlobalSection
EndGlobal
